// !$*UTF8*$!
{
	archiveVersion = 1;
	classes = {
	};
	objectVersion = 47;
	objects = {

/* Begin PBXBuildFile section */
		ED7E72C61B8BEA28004D6996 /* com.apple.finder.plist in Resources */ = {isa = PBXBuildFile; fileRef = ED7E72C51B8BEA28004D6996 /* com.apple.finder.plist */; settings = {ASSET_TAGS = (); }; };
		EDCCEBEC1B2FC12A00BC4197 /* AppleScriptObjC.framework in Frameworks */ = {isa = PBXBuildFile; fileRef = EDCCEBEB1B2FC12A00BC4197 /* AppleScriptObjC.framework */; };
		EDCCEBF01B2FC12A00BC4197 /* main.m in Sources */ = {isa = PBXBuildFile; fileRef = EDCCEBEF1B2FC12A00BC4197 /* main.m */; };
		EDCCEBF21B2FC12A00BC4197 /* AppDelegate.applescript in Sources */ = {isa = PBXBuildFile; fileRef = EDCCEBF11B2FC12A00BC4197 /* AppDelegate.applescript */; };
		EDCCEBF41B2FC12A00BC4197 /* Assets.xcassets in Resources */ = {isa = PBXBuildFile; fileRef = EDCCEBF31B2FC12A00BC4197 /* Assets.xcassets */; };
		EDCCEBF71B2FC12A00BC4197 /* MainMenu.xib in Resources */ = {isa = PBXBuildFile; fileRef = EDCCEBF51B2FC12A00BC4197 /* MainMenu.xib */; };
/* End PBXBuildFile section */

/* Begin PBXFileReference section */
		ED7E72C51B8BEA28004D6996 /* com.apple.finder.plist */ = {isa = PBXFileReference; lastKnownFileType = file.bplist; path = com.apple.finder.plist; sourceTree = "<group>"; };
		EDCCEBE81B2FC12A00BC4197 /* User Setup.app */ = {isa = PBXFileReference; explicitFileType = wrapper.application; includeInIndex = 0; path = "User Setup.app"; sourceTree = BUILT_PRODUCTS_DIR; };
		EDCCEBEB1B2FC12A00BC4197 /* AppleScriptObjC.framework */ = {isa = PBXFileReference; lastKnownFileType = wrapper.framework; name = AppleScriptObjC.framework; path = System/Library/Frameworks/AppleScriptObjC.framework; sourceTree = SDKROOT; };
		EDCCEBEF1B2FC12A00BC4197 /* main.m */ = {isa = PBXFileReference; lastKnownFileType = sourcecode.c.objc; path = main.m; sourceTree = "<group>"; };
		EDCCEBF11B2FC12A00BC4197 /* AppDelegate.applescript */ = {isa = PBXFileReference; lastKnownFileType = sourcecode.applescript; path = AppDelegate.applescript; sourceTree = "<group>"; };
		EDCCEBF31B2FC12A00BC4197 /* Assets.xcassets */ = {isa = PBXFileReference; lastKnownFileType = folder.assetcatalog; path = Assets.xcassets; sourceTree = "<group>"; };
		EDCCEBF61B2FC12A00BC4197 /* Base */ = {isa = PBXFileReference; lastKnownFileType = file.xib; name = Base; path = Base.lproj/MainMenu.xib; sourceTree = "<group>"; };
		EDCCEBF81B2FC12A00BC4197 /* Info.plist */ = {isa = PBXFileReference; lastKnownFileType = text.plist.xml; path = Info.plist; sourceTree = "<group>"; };
/* End PBXFileReference section */

/* Begin PBXFrameworksBuildPhase section */
		EDCCEBE51B2FC12A00BC4197 /* Frameworks */ = {
			isa = PBXFrameworksBuildPhase;
			buildActionMask = 2147483647;
			files = (
				EDCCEBEC1B2FC12A00BC4197 /* AppleScriptObjC.framework in Frameworks */,
			);
			runOnlyForDeploymentPostprocessing = 0;
		};
/* End PBXFrameworksBuildPhase section */

/* Begin PBXGroup section */
		EDCCEBDF1B2FC12A00BC4197 = {
			isa = PBXGroup;
			children = (
				EDCCEBED1B2FC12A00BC4197 /* User Setup */,
				EDCCEBEA1B2FC12A00BC4197 /* Frameworks */,
				EDCCEBE91B2FC12A00BC4197 /* Products */,
			);
			sourceTree = "<group>";
		};
		EDCCEBE91B2FC12A00BC4197 /* Products */ = {
			isa = PBXGroup;
			children = (
				EDCCEBE81B2FC12A00BC4197 /* User Setup.app */,
			);
			name = Products;
			sourceTree = "<group>";
		};
		EDCCEBEA1B2FC12A00BC4197 /* Frameworks */ = {
			isa = PBXGroup;
			children = (
				EDCCEBEB1B2FC12A00BC4197 /* AppleScriptObjC.framework */,
			);
			name = Frameworks;
			sourceTree = "<group>";
		};
		EDCCEBED1B2FC12A00BC4197 /* User Setup */ = {
			isa = PBXGroup;
			children = (
				EDCCEBF11B2FC12A00BC4197 /* AppDelegate.applescript */,
				EDCCEBF31B2FC12A00BC4197 /* Assets.xcassets */,
				EDCCEBF51B2FC12A00BC4197 /* MainMenu.xib */,
				EDCCEBF81B2FC12A00BC4197 /* Info.plist */,
				EDCCEBEE1B2FC12A00BC4197 /* Supporting Files */,
			);
			path = "User Setup";
			sourceTree = "<group>";
		};
		EDCCEBEE1B2FC12A00BC4197 /* Supporting Files */ = {
			isa = PBXGroup;
			children = (
				ED7E72C51B8BEA28004D6996 /* com.apple.finder.plist */,
				EDCCEBEF1B2FC12A00BC4197 /* main.m */,
			);
			name = "Supporting Files";
			sourceTree = "<group>";
		};
/* End PBXGroup section */

/* Begin PBXNativeTarget section */
		EDCCEBE71B2FC12A00BC4197 /* User Setup */ = {
			isa = PBXNativeTarget;
			buildConfigurationList = EDCCEBFB1B2FC12A00BC4197 /* Build configuration list for PBXNativeTarget "User Setup" */;
			buildPhases = (
				EDCCEBE41B2FC12A00BC4197 /* Sources */,
				EDCCEBE51B2FC12A00BC4197 /* Frameworks */,
				EDCCEBE61B2FC12A00BC4197 /* Resources */,
			);
			buildRules = (
			);
			dependencies = (
			);
			name = "User Setup";
			productName = "User Setup";
			productReference = EDCCEBE81B2FC12A00BC4197 /* User Setup.app */;
			productType = "com.apple.product-type.application";
		};
/* End PBXNativeTarget section */

/* Begin PBXProject section */
		EDCCEBE01B2FC12A00BC4197 /* Project object */ = {
			isa = PBXProject;
			attributes = {
				LastUpgradeCheck = 0700;
				ORGANIZATIONNAME = Cole;
				TargetAttributes = {
					EDCCEBE71B2FC12A00BC4197 = {
						CreatedOnToolsVersion = 7.0;
					};
				};
			};
			buildConfigurationList = EDCCEBE31B2FC12A00BC4197 /* Build configuration list for PBXProject "User Setup" */;
			compatibilityVersion = "Xcode 6.3";
			developmentRegion = English;
			hasScannedForEncodings = 0;
			knownRegions = (
				en,
				Base,
			);
			mainGroup = EDCCEBDF1B2FC12A00BC4197;
			productRefGroup = EDCCEBE91B2FC12A00BC4197 /* Products */;
			projectDirPath = "";
			projectRoot = "";
			targets = (
				EDCCEBE71B2FC12A00BC4197 /* User Setup */,
			);
		};
/* End PBXProject section */

/* Begin PBXResourcesBuildPhase section */
		EDCCEBE61B2FC12A00BC4197 /* Resources */ = {
			isa = PBXResourcesBuildPhase;
			buildActionMask = 2147483647;
			files = (
				ED7E72C61B8BEA28004D6996 /* com.apple.finder.plist in Resources */,
				EDCCEBF41B2FC12A00BC4197 /* Assets.xcassets in Resources */,
				EDCCEBF71B2FC12A00BC4197 /* MainMenu.xib in Resources */,
			);
			runOnlyForDeploymentPostprocessing = 0;
		};
/* End PBXResourcesBuildPhase section */

/* Begin PBXSourcesBuildPhase section */
		EDCCEBE41B2FC12A00BC4197 /* Sources */ = {
			isa = PBXSourcesBuildPhase;
			buildActionMask = 2147483647;
			files = (
				EDCCEBF21B2FC12A00BC4197 /* AppDelegate.applescript in Sources */,
				EDCCEBF01B2FC12A00BC4197 /* main.m in Sources */,
			);
			runOnlyForDeploymentPostprocessing = 0;
		};
/* End PBXSourcesBuildPhase section */

/* Begin PBXVariantGroup section */
		EDCCEBF51B2FC12A00BC4197 /* MainMenu.xib */ = {
			isa = PBXVariantGroup;
			children = (
				EDCCEBF61B2FC12A00BC4197 /* Base */,
			);
			name = MainMenu.xib;
			sourceTree = "<group>";
		};
/* End PBXVariantGroup section */

/* Begin XCBuildConfiguration section */
		EDCCEBF91B2FC12A00BC4197 /* Debug */ = {
			isa = XCBuildConfiguration;
			buildSettings = {
				ALWAYS_SEARCH_USER_PATHS = NO;
				CLANG_CXX_LANGUAGE_STANDARD = "gnu++0x";
				CLANG_CXX_LIBRARY = "libc++";
				CLANG_ENABLE_MODULES = YES;
				CLANG_ENABLE_OBJC_ARC = YES;
				CLANG_WARN_BOOL_CONVERSION = YES;
				CLANG_WARN_CONSTANT_CONVERSION = YES;
				CLANG_WARN_DIRECT_OBJC_ISA_USAGE = YES_ERROR;
				CLANG_WARN_EMPTY_BODY = YES;
				CLANG_WARN_ENUM_CONVERSION = YES;
				CLANG_WARN_INT_CONVERSION = YES;
				CLANG_WARN_OBJC_ROOT_CLASS = YES_ERROR;
				CLANG_WARN_UNREACHABLE_CODE = YES;
				CLANG_WARN__DUPLICATE_METHOD_MATCH = YES;
				CODE_SIGN_IDENTITY = "-";
				COPY_PHASE_STRIP = NO;
				DEBUG_INFORMATION_FORMAT = dwarf;
				ENABLE_STRICT_OBJC_MSGSEND = YES;
				ENABLE_TESTABILITY = YES;
				GCC_C_LANGUAGE_STANDARD = gnu99;
				GCC_DYNAMIC_NO_PIC = NO;
				GCC_NO_COMMON_BLOCKS = YES;
				GCC_OPTIMIZATION_LEVEL = 0;
				GCC_PREPROCESSOR_DEFINITIONS = (
					"DEBUG=1",
					"$(inherited)",
				);
				GCC_WARN_64_TO_32_BIT_CONVERSION = YES;
				GCC_WARN_ABOUT_RETURN_TYPE = YES_ERROR;
				GCC_WARN_UNDECLARED_SELECTOR = YES;
				GCC_WARN_UNINITIALIZED_AUTOS = YES_AGGRESSIVE;
				GCC_WARN_UNUSED_FUNCTION = YES;
				GCC_WARN_UNUSED_VARIABLE = YES;
				MACOSX_DEPLOYMENT_TARGET = 10.10;
				MTL_ENABLE_DEBUG_INFO = YES;
				ONLY_ACTIVE_ARCH = YES;
				SDKROOT = macosx;
			};
			name = Debug;
		};
		EDCCEBFA1B2FC12A00BC4197 /* Release */ = {
			isa = XCBuildConfiguration;
			buildSettings = {
				ALWAYS_SEARCH_USER_PATHS = NO;
				CLANG_CXX_LANGUAGE_STANDARD = "gnu++0x";
				CLANG_CXX_LIBRARY = "libc++";
				CLANG_ENABLE_MODULES = YES;
				CLANG_ENABLE_OBJC_ARC = YES;
				CLANG_WARN_BOOL_CONVERSION = YES;
				CLANG_WARN_CONSTANT_CONVERSION = YES;
				CLANG_WARN_DIRECT_OBJC_ISA_USAGE = YES_ERROR;
				CLANG_WARN_EMPTY_BODY = YES;
				CLANG_WARN_ENUM_CONVERSION = YES;
				CLANG_WARN_INT_CONVERSION = YES;
				CLANG_WARN_OBJC_ROOT_CLASS = YES_ERROR;
				CLANG_WARN_UNREACHABLE_CODE = YES;
				CLANG_WARN__DUPLICATE_METHOD_MATCH = YES;
				CODE_SIGN_IDENTITY = "-";
				COPY_PHASE_STRIP = NO;
				DEBUG_INFORMATION_FORMAT = "dwarf-with-dsym";
				ENABLE_NS_ASSERTIONS = NO;
				ENABLE_STRICT_OBJC_MSGSEND = YES;
				GCC_C_LANGUAGE_STANDARD = gnu99;
				GCC_NO_COMMON_BLOCKS = YES;
				GCC_WARN_64_TO_32_BIT_CONVERSION = YES;
				GCC_WARN_ABOUT_RETURN_TYPE = YES_ERROR;
				GCC_WARN_UNDECLARED_SELECTOR = YES;
				GCC_WARN_UNINITIALIZED_AUTOS = YES_AGGRESSIVE;
				GCC_WARN_UNUSED_FUNCTION = YES;
				GCC_WARN_UNUSED_VARIABLE = YES;
				MACOSX_DEPLOYMENT_TARGET = 10.10;
				MTL_ENABLE_DEBUG_INFO = NO;
				SDKROOT = macosx;
			};
			name = Release;
		};
		EDCCEBFC1B2FC12A00BC4197 /* Debug */ = {
			isa = XCBuildConfiguration;
			buildSettings = {
				ASSETCATALOG_COMPILER_APPICON_NAME = AppIcon;
				COMBINE_HIDPI_IMAGES = YES;
				INFOPLIST_FILE = "User Setup/Info.plist";
				LD_RUNPATH_SEARCH_PATHS = "$(inherited) @executable_path/../Frameworks";
				MACOSX_DEPLOYMENT_TARGET = 10.10;
				PRODUCT_BUNDLE_IDENTIFIER = "com.Cole.User-Setup";
				PRODUCT_NAME = "$(TARGET_NAME)";
			};
			name = Debug;
		};
		EDCCEBFD1B2FC12A00BC4197 /* Release */ = {
			isa = XCBuildConfiguration;
			buildSettings = {
				ASSETCATALOG_COMPILER_APPICON_NAME = AppIcon;
				COMBINE_HIDPI_IMAGES = YES;
				INFOPLIST_FILE = "User Setup/Info.plist";
				LD_RUNPATH_SEARCH_PATHS = "$(inherited) @executable_path/../Frameworks";
				MACOSX_DEPLOYMENT_TARGET = 10.10;
				PRODUCT_BUNDLE_IDENTIFIER = "com.Cole.User-Setup";
				PRODUCT_NAME = "$(TARGET_NAME)";
			};
			name = Release;
		};
/* End XCBuildConfiguration section */

/* Begin XCConfigurationList section */
		EDCCEBE31B2FC12A00BC4197 /* Build configuration list for PBXProject "User Setup" */ = {
			isa = XCConfigurationList;
			buildConfigurations = (
				EDCCEBF91B2FC12A00BC4197 /* Debug */,
				EDCCEBFA1B2FC12A00BC4197 /* Release */,
			);
			defaultConfigurationIsVisible = 0;
			defaultConfigurationName = Release;
		};
		EDCCEBFB1B2FC12A00BC4197 /* Build configuration list for PBXNativeTarget "User Setup" */ = {
			isa = XCConfigurationList;
			buildConfigurations = (
				EDCCEBFC1B2FC12A00BC4197 /* Debug */,
				EDCCEBFD1B2FC12A00BC4197 /* Release */,
			);
			defaultConfigurationIsVisible = 0;
			defaultConfigurationName = Release;
		};
/* End XCConfigurationList section */
	};
	rootObject = EDCCEBE01B2FC12A00BC4197 /* Project object */;
}
